
Microsoft Visual Studio Solution File, Format Version 12.00
# Visual Studio 2015
Project("{FAE04EC0-301F-11D3-BF4B-00C04F79EFBC}") = "VirtualGame.CSharp", "VirtualGame.CSharp.csproj", "{6A613F1A-B785-BC81-B4A3-EEBDDA3C0215}"
EndProject
Global
	GlobalSection(SolutionConfigurationPlatforms) = preSolution
		Debug|Any CPU = Debug|Any CPU
		Release|Any CPU = Release|Any CPU
	EndGlobalSection
	GlobalSection(ProjectConfigurationPlatforms) = postSolution
		{6A613F1A-B785-BC81-B4A3-EEBDDA3C0215}.Debug|Any CPU.ActiveCfg = Debug|Any CPU
		{6A613F1A-B785-BC81-B4A3-EEBDDA3C0215}.Debug|Any CPU.Build.0 = Debug|Any CPU
		{6A613F1A-B785-BC81-B4A3-EEBDDA3C0215}.Release|Any CPU.ActiveCfg = Release|Any CPU
		{6A613F1A-B785-BC81-B4A3-EEBDDA3C0215}.Release|Any CPU.Build.0 = Release|Any CPU
	EndGlobalSection
	GlobalSection(SolutionProperties) = preSolution
		HideSolutionNode = FALSE
	EndGlobalSection
EndGlobal
